
Microsoft Visual Studio Solution File, Format Version 12.00
# Visual Studio Version 16
VisualStudioVersion = 16.0.30517.126
MinimumVisualStudioVersion = 10.0.40219.1
Project("{FAE04EC0-301F-11D3-BF4B-00C04F79EFBC}") = "Intellipix", "Intellipix\Intellipix.csproj", "{4EF719B2-0549-48A9-8EAA-5927CF379D44}"
EndProject
Global
	GlobalSection(SolutionConfigurationPlatforms) = preSolution
		Debug|Any CPU = Debug|Any CPU
		Release|Any CPU = Release|Any CPU
	EndGlobalSection
	GlobalSection(ProjectConfigurationPlatforms) = postSolution
		{4EF719B2-0549-48A9-8EAA-5927CF379D44}.Debug|Any CPU.ActiveCfg = Debug|Any CPU
		{4EF719B2-0549-48A9-8EAA-5927CF379D44}.Debug|Any CPU.Build.0 = Debug|Any CPU
		{4EF719B2-0549-48A9-8EAA-5927CF379D44}.Release|Any CPU.ActiveCfg = Release|Any CPU
		{4EF719B2-0549-48A9-8EAA-5927CF379D44}.Release|Any CPU.Build.0 = Release|Any CPU
	EndGlobalSection
	GlobalSection(SolutionProperties) = preSolution
		HideSolutionNode = FALSE
	EndGlobalSection
	GlobalSection(ExtensibilityGlobals) = postSolution
		SolutionGuid = {290A0F37-BB99-43A7-B774-C3D3DAA98627}
	EndGlobalSection
EndGlobal
